
Microsoft Visual Studio Solution File, Format Version 12.00
# Visual Studio Version 17
VisualStudioVersion = 17.9.34902.65
MinimumVisualStudioVersion = 10.0.40219.1
Project("{FAE04EC0-301F-11D3-BF4B-00C04F79EFBC}") = "Shapes", "Shapes\Shapes.csproj", "{1D86EBE2-0DEC-4361-9711-2C60A51693DA}"
EndProject
Project("{FAE04EC0-301F-11D3-BF4B-00C04F79EFBC}") = "Cars", "Cars\Cars.csproj", "{54A13F31-E53B-4375-88FD-731880B24B12}"
EndProject
Global
	GlobalSection(SolutionConfigurationPlatforms) = preSolution
		Debug|Any CPU = Debug|Any CPU
		Release|Any CPU = Release|Any CPU
	EndGlobalSection
	GlobalSection(ProjectConfigurationPlatforms) = postSolution
		{1D86EBE2-0DEC-4361-9711-2C60A51693DA}.Debug|Any CPU.ActiveCfg = Debug|Any CPU
		{1D86EBE2-0DEC-4361-9711-2C60A51693DA}.Debug|Any CPU.Build.0 = Debug|Any CPU
		{1D86EBE2-0DEC-4361-9711-2C60A51693DA}.Release|Any CPU.ActiveCfg = Release|Any CPU
		{1D86EBE2-0DEC-4361-9711-2C60A51693DA}.Release|Any CPU.Build.0 = Release|Any CPU
		{54A13F31-E53B-4375-88FD-731880B24B12}.Debug|Any CPU.ActiveCfg = Debug|Any CPU
		{54A13F31-E53B-4375-88FD-731880B24B12}.Debug|Any CPU.Build.0 = Debug|Any CPU
		{54A13F31-E53B-4375-88FD-731880B24B12}.Release|Any CPU.ActiveCfg = Release|Any CPU
		{54A13F31-E53B-4375-88FD-731880B24B12}.Release|Any CPU.Build.0 = Release|Any CPU
	EndGlobalSection
	GlobalSection(SolutionProperties) = preSolution
		HideSolutionNode = FALSE
	EndGlobalSection
	GlobalSection(ExtensibilityGlobals) = postSolution
		SolutionGuid = {CEB07E3D-3FDC-4BFB-A5FB-4A478006635A}
	EndGlobalSection
EndGlobal
